
Microsoft Visual Studio Solution File, Format Version 12.00
# Visual Studio Version 17
VisualStudioVersion = 17.5.33516.290
MinimumVisualStudioVersion = 10.0.40219.1
Project("{FAE04EC0-301F-11D3-BF4B-00C04F79EFBC}") = "Navigator", "Navigator\Navigator.csproj", "{90FC390C-4AB5-4569-A9BE-34E34B18C66D}"
EndProject
Global
	GlobalSection(SolutionConfigurationPlatforms) = preSolution
		Debug|Any CPU = Debug|Any CPU
		Release|Any CPU = Release|Any CPU
	EndGlobalSection
	GlobalSection(ProjectConfigurationPlatforms) = postSolution
		{90FC390C-4AB5-4569-A9BE-34E34B18C66D}.Debug|Any CPU.ActiveCfg = Debug|Any CPU
		{90FC390C-4AB5-4569-A9BE-34E34B18C66D}.Debug|Any CPU.Build.0 = Debug|Any CPU
		{90FC390C-4AB5-4569-A9BE-34E34B18C66D}.Release|Any CPU.ActiveCfg = Release|Any CPU
		{90FC390C-4AB5-4569-A9BE-34E34B18C66D}.Release|Any CPU.Build.0 = Release|Any CPU
	EndGlobalSection
	GlobalSection(SolutionProperties) = preSolution
		HideSolutionNode = FALSE
	EndGlobalSection
	GlobalSection(ExtensibilityGlobals) = postSolution
		SolutionGuid = {37E56B8D-2F94-4950-9FA1-BA858F4B5FEC}
	EndGlobalSection
EndGlobal
